// !$*UTF8*$!
{
	archiveVersion = 1;
	classes = {
	};
	objectVersion = 50;
	objects = {

/* Begin PBXBuildFile section */
		A0131272239C04B400D1E41F /* AppDelegate.swift in Sources */ = {isa = PBXBuildFile; fileRef = A0131271239C04B400D1E41F /* AppDelegate.swift */; };
		A0131277239C04B400D1E41F /* _0DayChallengeTracker.xcdatamodeld in Sources */ = {isa = PBXBuildFile; fileRef = A0131275239C04B400D1E41F /* _0DayChallengeTracker.xcdatamodeld */; };
		A013127B239C04B700D1E41F /* Assets.xcassets in Resources */ = {isa = PBXBuildFile; fileRef = A013127A239C04B700D1E41F /* Assets.xcassets */; };
		A013127E239C04B700D1E41F /* Preview Assets.xcassets in Resources */ = {isa = PBXBuildFile; fileRef = A013127D239C04B700D1E41F /* Preview Assets.xcassets */; };
		A0131281239C04B700D1E41F /* LaunchScreen.storyboard in Resources */ = {isa = PBXBuildFile; fileRef = A013127F239C04B700D1E41F /* LaunchScreen.storyboard */; };
		A037ADF5239D5E090042EC7A /* ChallengeModel.swift in Sources */ = {isa = PBXBuildFile; fileRef = A037ADF4239D5E090042EC7A /* ChallengeModel.swift */; };
		A037ADF7239D5E1D0042EC7A /* ChallengeFunctions.swift in Sources */ = {isa = PBXBuildFile; fileRef = A037ADF6239D5E1D0042EC7A /* ChallengeFunctions.swift */; };
		A039328423A0391A00E8B42B /* ChallengeViewController.swift in Sources */ = {isa = PBXBuildFile; fileRef = A039328323A0391A00E8B42B /* ChallengeViewController.swift */; };
		A0399AC0239EB6E9001D3707 /* Colors.xcassets in Resources */ = {isa = PBXBuildFile; fileRef = A0399ABF239EB6E9001D3707 /* Colors.xcassets */; };
		A0399AC2239EBF6E001D3707 /* Main.storyboard in Resources */ = {isa = PBXBuildFile; fileRef = A0399AC1239EBF6E001D3707 /* Main.storyboard */; };
		A0399AC8239EC216001D3707 /* Data.swift in Sources */ = {isa = PBXBuildFile; fileRef = A0399AC7239EC216001D3707 /* Data.swift */; };
		A0399ACA239EC85B001D3707 /* HomeViewController.swift in Sources */ = {isa = PBXBuildFile; fileRef = A0399AC9239EC85B001D3707 /* HomeViewController.swift */; };
		A07D0081239ECDD80033F96A /* SceneDelegate.swift in Sources */ = {isa = PBXBuildFile; fileRef = A07D0080239ECDD80033F96A /* SceneDelegate.swift */; };
		A089495E23A01E03005A8E46 /* OpenSans-SemiBold.ttf in Resources */ = {isa = PBXBuildFile; fileRef = A089495A23A01E03005A8E46 /* OpenSans-SemiBold.ttf */; };
		A089495F23A01E03005A8E46 /* OpenSans-Regular.ttf in Resources */ = {isa = PBXBuildFile; fileRef = A089495B23A01E03005A8E46 /* OpenSans-Regular.ttf */; };
		A089496023A01E03005A8E46 /* OpenSans-ExtraBold.ttf in Resources */ = {isa = PBXBuildFile; fileRef = A089495C23A01E03005A8E46 /* OpenSans-ExtraBold.ttf */; };
		A089496123A01E03005A8E46 /* OpenSans-Bold.ttf in Resources */ = {isa = PBXBuildFile; fileRef = A089495D23A01E03005A8E46 /* OpenSans-Bold.ttf */; };
/* End PBXBuildFile section */

/* Begin PBXFileReference section */
		A013126E239C04B400D1E41F /* 30DayChallengeTracker.app */ = {isa = PBXFileReference; explicitFileType = wrapper.application; includeInIndex = 0; path = 30DayChallengeTracker.app; sourceTree = BUILT_PRODUCTS_DIR; };
		A0131271239C04B400D1E41F /* AppDelegate.swift */ = {isa = PBXFileReference; lastKnownFileType = sourcecode.swift; path = AppDelegate.swift; sourceTree = "<group>"; };
		A0131276239C04B400D1E41F /* _0DayChallengeTracker.xcdatamodel */ = {isa = PBXFileReference; lastKnownFileType = wrapper.xcdatamodel; path = _0DayChallengeTracker.xcdatamodel; sourceTree = "<group>"; };
		A013127A239C04B700D1E41F /* Assets.xcassets */ = {isa = PBXFileReference; lastKnownFileType = folder.assetcatalog; path = Assets.xcassets; sourceTree = "<group>"; };
		A013127D239C04B700D1E41F /* Preview Assets.xcassets */ = {isa = PBXFileReference; lastKnownFileType = folder.assetcatalog; path = "Preview Assets.xcassets"; sourceTree = "<group>"; };
		A0131280239C04B700D1E41F /* Base */ = {isa = PBXFileReference; lastKnownFileType = file.storyboard; name = Base; path = Base.lproj/LaunchScreen.storyboard; sourceTree = "<group>"; };
		A0131282239C04B700D1E41F /* Info.plist */ = {isa = PBXFileReference; lastKnownFileType = text.plist.xml; path = Info.plist; sourceTree = "<group>"; };
		A037ADF4239D5E090042EC7A /* ChallengeModel.swift */ = {isa = PBXFileReference; lastKnownFileType = sourcecode.swift; path = ChallengeModel.swift; sourceTree = "<group>"; };
		A037ADF6239D5E1D0042EC7A /* ChallengeFunctions.swift */ = {isa = PBXFileReference; lastKnownFileType = sourcecode.swift; path = ChallengeFunctions.swift; sourceTree = "<group>"; };
		A039328323A0391A00E8B42B /* ChallengeViewController.swift */ = {isa = PBXFileReference; lastKnownFileType = sourcecode.swift; path = ChallengeViewController.swift; sourceTree = "<group>"; };
		A0399ABF239EB6E9001D3707 /* Colors.xcassets */ = {isa = PBXFileReference; lastKnownFileType = folder.assetcatalog; path = Colors.xcassets; sourceTree = "<group>"; };
		A0399AC1239EBF6E001D3707 /* Main.storyboard */ = {isa = PBXFileReference; lastKnownFileType = file.storyboard; path = Main.storyboard; sourceTree = "<group>"; };
		A0399AC7239EC216001D3707 /* Data.swift */ = {isa = PBXFileReference; lastKnownFileType = sourcecode.swift; path = Data.swift; sourceTree = "<group>"; };
		A0399AC9239EC85B001D3707 /* HomeViewController.swift */ = {isa = PBXFileReference; lastKnownFileType = sourcecode.swift; path = HomeViewController.swift; sourceTree = "<group>"; };
		A07D0080239ECDD80033F96A /* SceneDelegate.swift */ = {isa = PBXFileReference; fileEncoding = 4; lastKnownFileType = sourcecode.swift; path = SceneDelegate.swift; sourceTree = "<group>"; };
		A089495A23A01E03005A8E46 /* OpenSans-SemiBold.ttf */ = {isa = PBXFileReference; lastKnownFileType = file; path = "OpenSans-SemiBold.ttf"; sourceTree = "<group>"; };
		A089495B23A01E03005A8E46 /* OpenSans-Regular.ttf */ = {isa = PBXFileReference; lastKnownFileType = file; path = "OpenSans-Regular.ttf"; sourceTree = "<group>"; };
		A089495C23A01E03005A8E46 /* OpenSans-ExtraBold.ttf */ = {isa = PBXFileReference; lastKnownFileType = file; path = "OpenSans-ExtraBold.ttf"; sourceTree = "<group>"; };
		A089495D23A01E03005A8E46 /* OpenSans-Bold.ttf */ = {isa = PBXFileReference; lastKnownFileType = file; path = "OpenSans-Bold.ttf"; sourceTree = "<group>"; };
/* End PBXFileReference section */

/* Begin PBXFrameworksBuildPhase section */
		A013126B239C04B400D1E41F /* Frameworks */ = {
			isa = PBXFrameworksBuildPhase;
			buildActionMask = 2147483647;
			files = (
			);
			runOnlyForDeploymentPostprocessing = 0;
		};
/* End PBXFrameworksBuildPhase section */

/* Begin PBXGroup section */
		A0131265239C04B400D1E41F = {
			isa = PBXGroup;
			children = (
				A0131270239C04B400D1E41F /* 30DayChallengeTracker */,
				A013126F239C04B400D1E41F /* Products */,
			);
			sourceTree = "<group>";
		};
		A013126F239C04B400D1E41F /* Products */ = {
			isa = PBXGroup;
			children = (
				A013126E239C04B400D1E41F /* 30DayChallengeTracker.app */,
			);
			name = Products;
			sourceTree = "<group>";
		};
		A0131270239C04B400D1E41F /* 30DayChallengeTracker */ = {
			isa = PBXGroup;
			children = (
				A0399AC3239EBF7C001D3707 /* Views */,
				A037ADF2239D5DCA0042EC7A /* Model */,
				A0131271239C04B400D1E41F /* AppDelegate.swift */,
				A07D0080239ECDD80033F96A /* SceneDelegate.swift */,
				A013127A239C04B700D1E41F /* Assets.xcassets */,
				A0399ABF239EB6E9001D3707 /* Colors.xcassets */,
				A089495923A01DF8005A8E46 /* fonts */,
				A013127F239C04B700D1E41F /* LaunchScreen.storyboard */,
				A0131282239C04B700D1E41F /* Info.plist */,
				A0131275239C04B400D1E41F /* _0DayChallengeTracker.xcdatamodeld */,
				A013127C239C04B700D1E41F /* Preview Content */,
			);
			path = 30DayChallengeTracker;
			sourceTree = "<group>";
		};
		A013127C239C04B700D1E41F /* Preview Content */ = {
			isa = PBXGroup;
			children = (
				A013127D239C04B700D1E41F /* Preview Assets.xcassets */,
			);
			path = "Preview Content";
			sourceTree = "<group>";
		};
		A037ADF2239D5DCA0042EC7A /* Model */ = {
			isa = PBXGroup;
			children = (
				A0399AC7239EC216001D3707 /* Data.swift */,
				A037ADF3239D5DF70042EC7A /* Challenges */,
			);
			path = Model;
			sourceTree = "<group>";
		};
		A037ADF3239D5DF70042EC7A /* Challenges */ = {
			isa = PBXGroup;
			children = (
				A037ADF4239D5E090042EC7A /* ChallengeModel.swift */,
				A037ADF6239D5E1D0042EC7A /* ChallengeFunctions.swift */,
			);
			path = Challenges;
			sourceTree = "<group>";
		};
		A039328223A038E000E8B42B /* Challenge View */ = {
			isa = PBXGroup;
			children = (
				A039328323A0391A00E8B42B /* ChallengeViewController.swift */,
			);
			path = "Challenge View";
			sourceTree = "<group>";
		};
		A0399AC3239EBF7C001D3707 /* Views */ = {
			isa = PBXGroup;
			children = (
				A0399AC1239EBF6E001D3707 /* Main.storyboard */,
				A039328223A038E000E8B42B /* Challenge View */,
				A0399AC4239EBF8B001D3707 /* Home View */,
			);
			path = Views;
			sourceTree = "<group>";
		};
		A0399AC4239EBF8B001D3707 /* Home View */ = {
			isa = PBXGroup;
			children = (
				A0399AC9239EC85B001D3707 /* HomeViewController.swift */,
			);
			path = "Home View";
			sourceTree = "<group>";
		};
		A089495923A01DF8005A8E46 /* fonts */ = {
			isa = PBXGroup;
			children = (
				A089495D23A01E03005A8E46 /* OpenSans-Bold.ttf */,
				A089495C23A01E03005A8E46 /* OpenSans-ExtraBold.ttf */,
				A089495B23A01E03005A8E46 /* OpenSans-Regular.ttf */,
				A089495A23A01E03005A8E46 /* OpenSans-SemiBold.ttf */,
			);
			path = fonts;
			sourceTree = "<group>";
		};
/* End PBXGroup section */

/* Begin PBXNativeTarget section */
		A013126D239C04B400D1E41F /* 30DayChallengeTracker */ = {
			isa = PBXNativeTarget;
			buildConfigurationList = A0131285239C04B700D1E41F /* Build configuration list for PBXNativeTarget "30DayChallengeTracker" */;
			buildPhases = (
				A013126A239C04B400D1E41F /* Sources */,
				A013126B239C04B400D1E41F /* Frameworks */,
				A013126C239C04B400D1E41F /* Resources */,
			);
			buildRules = (
			);
			dependencies = (
			);
			name = 30DayChallengeTracker;
			productName = 30DayChallengeTracker;
			productReference = A013126E239C04B400D1E41F /* 30DayChallengeTracker.app */;
			productType = "com.apple.product-type.application";
		};
/* End PBXNativeTarget section */

/* Begin PBXProject section */
		A0131266239C04B400D1E41F /* Project object */ = {
			isa = PBXProject;
			attributes = {
				LastSwiftUpdateCheck = 1120;
				LastUpgradeCheck = 1120;
				ORGANIZATIONNAME = "Anna Grace";
				TargetAttributes = {
					A013126D239C04B400D1E41F = {
						CreatedOnToolsVersion = 11.2.1;
					};
				};
			};
			buildConfigurationList = A0131269239C04B400D1E41F /* Build configuration list for PBXProject "30DayChallengeTracker" */;
			compatibilityVersion = "Xcode 9.3";
			developmentRegion = en;
			hasScannedForEncodings = 0;
			knownRegions = (
				en,
				Base,
			);
			mainGroup = A0131265239C04B400D1E41F;
			productRefGroup = A013126F239C04B400D1E41F /* Products */;
			projectDirPath = "";
			projectRoot = "";
			targets = (
				A013126D239C04B400D1E41F /* 30DayChallengeTracker */,
			);
		};
/* End PBXProject section */

/* Begin PBXResourcesBuildPhase section */
		A013126C239C04B400D1E41F /* Resources */ = {
			isa = PBXResourcesBuildPhase;
			buildActionMask = 2147483647;
			files = (
				A0399AC0239EB6E9001D3707 /* Colors.xcassets in Resources */,
				A0131281239C04B700D1E41F /* LaunchScreen.storyboard in Resources */,
				A089496023A01E03005A8E46 /* OpenSans-ExtraBold.ttf in Resources */,
				A089495E23A01E03005A8E46 /* OpenSans-SemiBold.ttf in Resources */,
				A013127E239C04B700D1E41F /* Preview Assets.xcassets in Resources */,
				A013127B239C04B700D1E41F /* Assets.xcassets in Resources */,
				A089495F23A01E03005A8E46 /* OpenSans-Regular.ttf in Resources */,
				A089496123A01E03005A8E46 /* OpenSans-Bold.ttf in Resources */,
				A0399AC2239EBF6E001D3707 /* Main.storyboard in Resources */,
			);
			runOnlyForDeploymentPostprocessing = 0;
		};
/* End PBXResourcesBuildPhase section */

/* Begin PBXSourcesBuildPhase section */
		A013126A239C04B400D1E41F /* Sources */ = {
			isa = PBXSourcesBuildPhase;
			buildActionMask = 2147483647;
			files = (
				A0131277239C04B400D1E41F /* _0DayChallengeTracker.xcdatamodeld in Sources */,
				A07D0081239ECDD80033F96A /* SceneDelegate.swift in Sources */,
				A039328423A0391A00E8B42B /* ChallengeViewController.swift in Sources */,
				A0131272239C04B400D1E41F /* AppDelegate.swift in Sources */,
				A0399ACA239EC85B001D3707 /* HomeViewController.swift in Sources */,
				A037ADF5239D5E090042EC7A /* ChallengeModel.swift in Sources */,
				A037ADF7239D5E1D0042EC7A /* ChallengeFunctions.swift in Sources */,
				A0399AC8239EC216001D3707 /* Data.swift in Sources */,
			);
			runOnlyForDeploymentPostprocessing = 0;
		};
/* End PBXSourcesBuildPhase section */

/* Begin PBXVariantGroup section */
		A013127F239C04B700D1E41F /* LaunchScreen.storyboard */ = {
			isa = PBXVariantGroup;
			children = (
				A0131280239C04B700D1E41F /* Base */,
			);
			name = LaunchScreen.storyboard;
			sourceTree = "<group>";
		};
/* End PBXVariantGroup section */

/* Begin XCBuildConfiguration section */
		A0131283239C04B700D1E41F /* Debug */ = {
			isa = XCBuildConfiguration;
			buildSettings = {
				ALWAYS_SEARCH_USER_PATHS = NO;
				CLANG_ANALYZER_NONNULL = YES;
				CLANG_ANALYZER_NUMBER_OBJECT_CONVERSION = YES_AGGRESSIVE;
				CLANG_CXX_LANGUAGE_STANDARD = "gnu++14";
				CLANG_CXX_LIBRARY = "libc++";
				CLANG_ENABLE_MODULES = YES;
				CLANG_ENABLE_OBJC_ARC = YES;
				CLANG_ENABLE_OBJC_WEAK = YES;
				CLANG_WARN_BLOCK_CAPTURE_AUTORELEASING = YES;
				CLANG_WARN_BOOL_CONVERSION = YES;
				CLANG_WARN_COMMA = YES;
				CLANG_WARN_CONSTANT_CONVERSION = YES;
				CLANG_WARN_DEPRECATED_OBJC_IMPLEMENTATIONS = YES;
				CLANG_WARN_DIRECT_OBJC_ISA_USAGE = YES_ERROR;
				CLANG_WARN_DOCUMENTATION_COMMENTS = YES;
				CLANG_WARN_EMPTY_BODY = YES;
				CLANG_WARN_ENUM_CONVERSION = YES;
				CLANG_WARN_INFINITE_RECURSION = YES;
				CLANG_WARN_INT_CONVERSION = YES;
				CLANG_WARN_NON_LITERAL_NULL_CONVERSION = YES;
				CLANG_WARN_OBJC_IMPLICIT_RETAIN_SELF = YES;
				CLANG_WARN_OBJC_LITERAL_CONVERSION = YES;
				CLANG_WARN_OBJC_ROOT_CLASS = YES_ERROR;
				CLANG_WARN_RANGE_LOOP_ANALYSIS = YES;
				CLANG_WARN_STRICT_PROTOTYPES = YES;
				CLANG_WARN_SUSPICIOUS_MOVE = YES;
				CLANG_WARN_UNGUARDED_AVAILABILITY = YES_AGGRESSIVE;
				CLANG_WARN_UNREACHABLE_CODE = YES;
				CLANG_WARN__DUPLICATE_METHOD_MATCH = YES;
				COPY_PHASE_STRIP = NO;
				DEBUG_INFORMATION_FORMAT = dwarf;
				ENABLE_STRICT_OBJC_MSGSEND = YES;
				ENABLE_TESTABILITY = YES;
				GCC_C_LANGUAGE_STANDARD = gnu11;
				GCC_DYNAMIC_NO_PIC = NO;
				GCC_NO_COMMON_BLOCKS = YES;
				GCC_OPTIMIZATION_LEVEL = 0;
				GCC_PREPROCESSOR_DEFINITIONS = (
					"DEBUG=1",
					"$(inherited)",
				);
				GCC_WARN_64_TO_32_BIT_CONVERSION = YES;
				GCC_WARN_ABOUT_RETURN_TYPE = YES_ERROR;
				GCC_WARN_UNDECLARED_SELECTOR = YES;
				GCC_WARN_UNINITIALIZED_AUTOS = YES_AGGRESSIVE;
				GCC_WARN_UNUSED_FUNCTION = YES;
				GCC_WARN_UNUSED_VARIABLE = YES;
				IPHONEOS_DEPLOYMENT_TARGET = 13.2;
				MTL_ENABLE_DEBUG_INFO = INCLUDE_SOURCE;
				MTL_FAST_MATH = YES;
				ONLY_ACTIVE_ARCH = YES;
				SDKROOT = iphoneos;
				SWIFT_ACTIVE_COMPILATION_CONDITIONS = DEBUG;
				SWIFT_OPTIMIZATION_LEVEL = "-Onone";
			};
			name = Debug;
		};
		A0131284239C04B700D1E41F /* Release */ = {
			isa = XCBuildConfiguration;
			buildSettings = {
				ALWAYS_SEARCH_USER_PATHS = NO;
				CLANG_ANALYZER_NONNULL = YES;
				CLANG_ANALYZER_NUMBER_OBJECT_CONVERSION = YES_AGGRESSIVE;
				CLANG_CXX_LANGUAGE_STANDARD = "gnu++14";
				CLANG_CXX_LIBRARY = "libc++";
				CLANG_ENABLE_MODULES = YES;
				CLANG_ENABLE_OBJC_ARC = YES;
				CLANG_ENABLE_OBJC_WEAK = YES;
				CLANG_WARN_BLOCK_CAPTURE_AUTORELEASING = YES;
				CLANG_WARN_BOOL_CONVERSION = YES;
				CLANG_WARN_COMMA = YES;
				CLANG_WARN_CONSTANT_CONVERSION = YES;
				CLANG_WARN_DEPRECATED_OBJC_IMPLEMENTATIONS = YES;
				CLANG_WARN_DIRECT_OBJC_ISA_USAGE = YES_ERROR;
				CLANG_WARN_DOCUMENTATION_COMMENTS = YES;
				CLANG_WARN_EMPTY_BODY = YES;
				CLANG_WARN_ENUM_CONVERSION = YES;
				CLANG_WARN_INFINITE_RECURSION = YES;
				CLANG_WARN_INT_CONVERSION = YES;
				CLANG_WARN_NON_LITERAL_NULL_CONVERSION = YES;
				CLANG_WARN_OBJC_IMPLICIT_RETAIN_SELF = YES;
				CLANG_WARN_OBJC_LITERAL_CONVERSION = YES;
				CLANG_WARN_OBJC_ROOT_CLASS = YES_ERROR;
				CLANG_WARN_RANGE_LOOP_ANALYSIS = YES;
				CLANG_WARN_STRICT_PROTOTYPES = YES;
				CLANG_WARN_SUSPICIOUS_MOVE = YES;
				CLANG_WARN_UNGUARDED_AVAILABILITY = YES_AGGRESSIVE;
				CLANG_WARN_UNREACHABLE_CODE = YES;
				CLANG_WARN__DUPLICATE_METHOD_MATCH = YES;
				COPY_PHASE_STRIP = NO;
				DEBUG_INFORMATION_FORMAT = "dwarf-with-dsym";
				ENABLE_NS_ASSERTIONS = NO;
				ENABLE_STRICT_OBJC_MSGSEND = YES;
				GCC_C_LANGUAGE_STANDARD = gnu11;
				GCC_NO_COMMON_BLOCKS = YES;
				GCC_WARN_64_TO_32_BIT_CONVERSION = YES;
				GCC_WARN_ABOUT_RETURN_TYPE = YES_ERROR;
				GCC_WARN_UNDECLARED_SELECTOR = YES;
				GCC_WARN_UNINITIALIZED_AUTOS = YES_AGGRESSIVE;
				GCC_WARN_UNUSED_FUNCTION = YES;
				GCC_WARN_UNUSED_VARIABLE = YES;
				IPHONEOS_DEPLOYMENT_TARGET = 13.2;
				MTL_ENABLE_DEBUG_INFO = NO;
				MTL_FAST_MATH = YES;
				SDKROOT = iphoneos;
				SWIFT_COMPILATION_MODE = wholemodule;
				SWIFT_OPTIMIZATION_LEVEL = "-O";
				VALIDATE_PRODUCT = YES;
			};
			name = Release;
		};
		A0131286239C04B700D1E41F /* Debug */ = {
			isa = XCBuildConfiguration;
			buildSettings = {
				ASSETCATALOG_COMPILER_APPICON_NAME = AppIcon;
				CODE_SIGN_STYLE = Automatic;
				DEVELOPMENT_ASSET_PATHS = "\"30DayChallengeTracker/Preview Content\"";
				ENABLE_PREVIEWS = YES;
				INFOPLIST_FILE = 30DayChallengeTracker/Info.plist;
				LD_RUNPATH_SEARCH_PATHS = (
					"$(inherited)",
					"@executable_path/Frameworks",
				);
				PRODUCT_BUNDLE_IDENTIFIER = "com.anna-grace.-0DayChallengeTracker";
				PRODUCT_NAME = "$(TARGET_NAME)";
				SWIFT_VERSION = 5.0;
				TARGETED_DEVICE_FAMILY = "1,2";
			};
			name = Debug;
		};
		A0131287239C04B700D1E41F /* Release */ = {
			isa = XCBuildConfiguration;
			buildSettings = {
				ASSETCATALOG_COMPILER_APPICON_NAME = AppIcon;
				CODE_SIGN_STYLE = Automatic;
				DEVELOPMENT_ASSET_PATHS = "\"30DayChallengeTracker/Preview Content\"";
				ENABLE_PREVIEWS = YES;
				INFOPLIST_FILE = 30DayChallengeTracker/Info.plist;
				LD_RUNPATH_SEARCH_PATHS = (
					"$(inherited)",
					"@executable_path/Frameworks",
				);
				PRODUCT_BUNDLE_IDENTIFIER = "com.anna-grace.-0DayChallengeTracker";
				PRODUCT_NAME = "$(TARGET_NAME)";
				SWIFT_VERSION = 5.0;
				TARGETED_DEVICE_FAMILY = "1,2";
			};
			name = Release;
		};
/* End XCBuildConfiguration section */

/* Begin XCConfigurationList section */
		A0131269239C04B400D1E41F /* Build configuration list for PBXProject "30DayChallengeTracker" */ = {
			isa = XCConfigurationList;
			buildConfigurations = (
				A0131283239C04B700D1E41F /* Debug */,
				A0131284239C04B700D1E41F /* Release */,
			);
			defaultConfigurationIsVisible = 0;
			defaultConfigurationName = Release;
		};
		A0131285239C04B700D1E41F /* Build configuration list for PBXNativeTarget "30DayChallengeTracker" */ = {
			isa = XCConfigurationList;
			buildConfigurations = (
				A0131286239C04B700D1E41F /* Debug */,
				A0131287239C04B700D1E41F /* Release */,
			);
			defaultConfigurationIsVisible = 0;
			defaultConfigurationName = Release;
		};
/* End XCConfigurationList section */

/* Begin XCVersionGroup section */
		A0131275239C04B400D1E41F /* _0DayChallengeTracker.xcdatamodeld */ = {
			isa = XCVersionGroup;
			children = (
				A0131276239C04B400D1E41F /* _0DayChallengeTracker.xcdatamodel */,
			);
			currentVersion = A0131276239C04B400D1E41F /* _0DayChallengeTracker.xcdatamodel */;
			path = _0DayChallengeTracker.xcdatamodeld;
			sourceTree = "<group>";
			versionGroupType = wrapper.xcdatamodel;
		};
/* End XCVersionGroup section */
	};
	rootObject = A0131266239C04B400D1E41F /* Project object */;
}
